
Microsoft Visual Studio Solution File, Format Version 12.00
# Visual Studio 15
VisualStudioVersion = 15.0.27130.0
MinimumVisualStudioVersion = 10.0.40219.1
Project("{FAE04EC0-301F-11D3-BF4B-00C04F79EFBC}") = "WpfAppFlowDocumentPageViewer", "WpfAppFlowDocumentPageViewer.csproj", "{33F37E61-7C6A-400D-B7D5-FEA5E3D1ABDF}"
EndProject
Global
	GlobalSection(SolutionConfigurationPlatforms) = preSolution
		Debug|Any CPU = Debug|Any CPU
		Release|Any CPU = Release|Any CPU
	EndGlobalSection
	GlobalSection(ProjectConfigurationPlatforms) = postSolution
		{33F37E61-7C6A-400D-B7D5-FEA5E3D1ABDF}.Debug|Any CPU.ActiveCfg = Debug|Any CPU
		{33F37E61-7C6A-400D-B7D5-FEA5E3D1ABDF}.Debug|Any CPU.Build.0 = Debug|Any CPU
		{33F37E61-7C6A-400D-B7D5-FEA5E3D1ABDF}.Release|Any CPU.ActiveCfg = Release|Any CPU
		{33F37E61-7C6A-400D-B7D5-FEA5E3D1ABDF}.Release|Any CPU.Build.0 = Release|Any CPU
	EndGlobalSection
	GlobalSection(SolutionProperties) = preSolution
		HideSolutionNode = FALSE
	EndGlobalSection
	GlobalSection(ExtensibilityGlobals) = postSolution
		SolutionGuid = {486EEF22-544D-4BBB-8571-B935DB212F99}
	EndGlobalSection
EndGlobal
