
Microsoft Visual Studio Solution File, Format Version 12.00
# Visual Studio 15
VisualStudioVersion = 15.0.27130.0
MinimumVisualStudioVersion = 10.0.40219.1
Project("{FAE04EC0-301F-11D3-BF4B-00C04F79EFBC}") = "MultiWindows", "MultiWindows\MultiWindows.csproj", "{5371995A-238C-4FF8-A835-F3B5FE750797}"
EndProject
Global
	GlobalSection(SolutionConfigurationPlatforms) = preSolution
		Debug|Any CPU = Debug|Any CPU
		Release|Any CPU = Release|Any CPU
	EndGlobalSection
	GlobalSection(ProjectConfigurationPlatforms) = postSolution
		{5371995A-238C-4FF8-A835-F3B5FE750797}.Debug|Any CPU.ActiveCfg = Debug|Any CPU
		{5371995A-238C-4FF8-A835-F3B5FE750797}.Debug|Any CPU.Build.0 = Debug|Any CPU
		{5371995A-238C-4FF8-A835-F3B5FE750797}.Release|Any CPU.ActiveCfg = Release|Any CPU
		{5371995A-238C-4FF8-A835-F3B5FE750797}.Release|Any CPU.Build.0 = Release|Any CPU
	EndGlobalSection
	GlobalSection(SolutionProperties) = preSolution
		HideSolutionNode = FALSE
	EndGlobalSection
	GlobalSection(ExtensibilityGlobals) = postSolution
		SolutionGuid = {C47DD1C8-6CB4-42F1-AE77-0F87E0B55F4A}
	EndGlobalSection
EndGlobal
