
Microsoft Visual Studio Solution File, Format Version 12.00
# Visual Studio 15
VisualStudioVersion = 15.0.27130.0
MinimumVisualStudioVersion = 10.0.40219.1
Project("{FAE04EC0-301F-11D3-BF4B-00C04F79EFBC}") = "WpfAppDragDrop", "WpfAppDragDrop\WpfAppDragDrop.csproj", "{ED0800A6-0F3D-4D38-A858-273C6A210FBC}"
EndProject
Project("{FAE04EC0-301F-11D3-BF4B-00C04F79EFBC}") = "WpfAppControlToControl", "WpfAppControlToControl\WpfAppControlToControl.csproj", "{EC16E01C-AC5A-4272-BF7D-7AD9C3F7EE3B}"
EndProject
Global
	GlobalSection(SolutionConfigurationPlatforms) = preSolution
		Debug|Any CPU = Debug|Any CPU
		Release|Any CPU = Release|Any CPU
	EndGlobalSection
	GlobalSection(ProjectConfigurationPlatforms) = postSolution
		{ED0800A6-0F3D-4D38-A858-273C6A210FBC}.Debug|Any CPU.ActiveCfg = Debug|Any CPU
		{ED0800A6-0F3D-4D38-A858-273C6A210FBC}.Debug|Any CPU.Build.0 = Debug|Any CPU
		{ED0800A6-0F3D-4D38-A858-273C6A210FBC}.Release|Any CPU.ActiveCfg = Release|Any CPU
		{ED0800A6-0F3D-4D38-A858-273C6A210FBC}.Release|Any CPU.Build.0 = Release|Any CPU
		{EC16E01C-AC5A-4272-BF7D-7AD9C3F7EE3B}.Debug|Any CPU.ActiveCfg = Debug|Any CPU
		{EC16E01C-AC5A-4272-BF7D-7AD9C3F7EE3B}.Debug|Any CPU.Build.0 = Debug|Any CPU
		{EC16E01C-AC5A-4272-BF7D-7AD9C3F7EE3B}.Release|Any CPU.ActiveCfg = Release|Any CPU
		{EC16E01C-AC5A-4272-BF7D-7AD9C3F7EE3B}.Release|Any CPU.Build.0 = Release|Any CPU
	EndGlobalSection
	GlobalSection(SolutionProperties) = preSolution
		HideSolutionNode = FALSE
	EndGlobalSection
	GlobalSection(ExtensibilityGlobals) = postSolution
		SolutionGuid = {81A6C417-8E88-4136-96B5-5B3A8B6FA292}
	EndGlobalSection
EndGlobal
