
Microsoft Visual Studio Solution File, Format Version 12.00
# Visual Studio 15
VisualStudioVersion = 15.0.27130.0
MinimumVisualStudioVersion = 10.0.40219.1
Project("{FAE04EC0-301F-11D3-BF4B-00C04F79EFBC}") = "WpfAppDataGridDetailPanels", "WpfAppDataGridDetailPanels\WpfAppDataGridDetailPanels.csproj", "{09FF1A41-1896-4BC9-A5EB-17BF139EBFFD}"
EndProject
Project("{FAE04EC0-301F-11D3-BF4B-00C04F79EFBC}") = "WpfAppDataGridMasterDetails", "WpfAppDataGridMasterDetails\WpfAppDataGridMasterDetails.csproj", "{9A9EA5E4-B3D5-4FF7-A0BD-605338643B53}"
EndProject
Project("{FAE04EC0-301F-11D3-BF4B-00C04F79EFBC}") = "WpfAppDataGridMultiGroups", "WpfAppDataGridMultiGroups\WpfAppDataGridMultiGroups.csproj", "{F0CDDFC8-E7AA-4EC1-BB60-9F04B4558310}"
EndProject
Project("{FAE04EC0-301F-11D3-BF4B-00C04F79EFBC}") = "WpfAppGroupByAndFilterByGridView", "WpfAppGroupByAndFilterByGridView\WpfAppGroupByAndFilterByGridView.csproj", "{0E0FB6B6-0C19-4AC2-9AA7-B7A25D7B0B3A}"
EndProject
Project("{FAE04EC0-301F-11D3-BF4B-00C04F79EFBC}") = "WpfAppGroupByAndFilterByListView", "WpfAppGroupByAndFilterByListView\WpfAppGroupByAndFilterByListView.csproj", "{F88C2C77-207C-4BCE-85DE-DE72C751734E}"
EndProject
Global
	GlobalSection(SolutionConfigurationPlatforms) = preSolution
		Debug|Any CPU = Debug|Any CPU
		Release|Any CPU = Release|Any CPU
	EndGlobalSection
	GlobalSection(ProjectConfigurationPlatforms) = postSolution
		{09FF1A41-1896-4BC9-A5EB-17BF139EBFFD}.Debug|Any CPU.ActiveCfg = Debug|Any CPU
		{09FF1A41-1896-4BC9-A5EB-17BF139EBFFD}.Debug|Any CPU.Build.0 = Debug|Any CPU
		{09FF1A41-1896-4BC9-A5EB-17BF139EBFFD}.Release|Any CPU.ActiveCfg = Release|Any CPU
		{09FF1A41-1896-4BC9-A5EB-17BF139EBFFD}.Release|Any CPU.Build.0 = Release|Any CPU
		{9A9EA5E4-B3D5-4FF7-A0BD-605338643B53}.Debug|Any CPU.ActiveCfg = Debug|Any CPU
		{9A9EA5E4-B3D5-4FF7-A0BD-605338643B53}.Debug|Any CPU.Build.0 = Debug|Any CPU
		{9A9EA5E4-B3D5-4FF7-A0BD-605338643B53}.Release|Any CPU.ActiveCfg = Release|Any CPU
		{9A9EA5E4-B3D5-4FF7-A0BD-605338643B53}.Release|Any CPU.Build.0 = Release|Any CPU
		{F0CDDFC8-E7AA-4EC1-BB60-9F04B4558310}.Debug|Any CPU.ActiveCfg = Debug|Any CPU
		{F0CDDFC8-E7AA-4EC1-BB60-9F04B4558310}.Debug|Any CPU.Build.0 = Debug|Any CPU
		{F0CDDFC8-E7AA-4EC1-BB60-9F04B4558310}.Release|Any CPU.ActiveCfg = Release|Any CPU
		{F0CDDFC8-E7AA-4EC1-BB60-9F04B4558310}.Release|Any CPU.Build.0 = Release|Any CPU
		{0E0FB6B6-0C19-4AC2-9AA7-B7A25D7B0B3A}.Debug|Any CPU.ActiveCfg = Debug|Any CPU
		{0E0FB6B6-0C19-4AC2-9AA7-B7A25D7B0B3A}.Debug|Any CPU.Build.0 = Debug|Any CPU
		{0E0FB6B6-0C19-4AC2-9AA7-B7A25D7B0B3A}.Release|Any CPU.ActiveCfg = Release|Any CPU
		{0E0FB6B6-0C19-4AC2-9AA7-B7A25D7B0B3A}.Release|Any CPU.Build.0 = Release|Any CPU
		{F88C2C77-207C-4BCE-85DE-DE72C751734E}.Debug|Any CPU.ActiveCfg = Debug|Any CPU
		{F88C2C77-207C-4BCE-85DE-DE72C751734E}.Debug|Any CPU.Build.0 = Debug|Any CPU
		{F88C2C77-207C-4BCE-85DE-DE72C751734E}.Release|Any CPU.ActiveCfg = Release|Any CPU
		{F88C2C77-207C-4BCE-85DE-DE72C751734E}.Release|Any CPU.Build.0 = Release|Any CPU
	EndGlobalSection
	GlobalSection(SolutionProperties) = preSolution
		HideSolutionNode = FALSE
	EndGlobalSection
	GlobalSection(ExtensibilityGlobals) = postSolution
		SolutionGuid = {589C8A74-6BBA-4CD0-A93F-E4C1CCE27548}
	EndGlobalSection
EndGlobal
