
Microsoft Visual Studio Solution File, Format Version 12.00
# Visual Studio 15
VisualStudioVersion = 15.0.27130.0
MinimumVisualStudioVersion = 10.0.40219.1
Project("{FAE04EC0-301F-11D3-BF4B-00C04F79EFBC}") = "WindowsResourcesWpfApp", "WindowsResourcesWpfApp\WindowsResourcesWpfApp.csproj", "{48F4BA02-33AB-4AE1-80C1-12462E347AFC}"
EndProject
Project("{FAE04EC0-301F-11D3-BF4B-00C04F79EFBC}") = "ControlResourcesWpfApp", "ControlResourcesWpfApp\ControlResourcesWpfApp.csproj", "{BEF378C6-A05C-4D9A-8299-03D43F83620A}"
EndProject
Project("{FAE04EC0-301F-11D3-BF4B-00C04F79EFBC}") = "ApplicationResourcesWpfApp", "ApplicationResourcesWpfApp\ApplicationResourcesWpfApp.csproj", "{4CEBBDD2-52D0-420A-AF12-3781928801AB}"
EndProject
Project("{FAE04EC0-301F-11D3-BF4B-00C04F79EFBC}") = "ResourceDictionaryWpfApp", "ResourceDictionaryWpfApp\ResourceDictionaryWpfApp.csproj", "{B67EA469-9AA9-448F-A921-0C70496E54F7}"
EndProject
Global
	GlobalSection(SolutionConfigurationPlatforms) = preSolution
		Debug|Any CPU = Debug|Any CPU
		Release|Any CPU = Release|Any CPU
	EndGlobalSection
	GlobalSection(ProjectConfigurationPlatforms) = postSolution
		{48F4BA02-33AB-4AE1-80C1-12462E347AFC}.Debug|Any CPU.ActiveCfg = Debug|Any CPU
		{48F4BA02-33AB-4AE1-80C1-12462E347AFC}.Debug|Any CPU.Build.0 = Debug|Any CPU
		{48F4BA02-33AB-4AE1-80C1-12462E347AFC}.Release|Any CPU.ActiveCfg = Release|Any CPU
		{48F4BA02-33AB-4AE1-80C1-12462E347AFC}.Release|Any CPU.Build.0 = Release|Any CPU
		{BEF378C6-A05C-4D9A-8299-03D43F83620A}.Debug|Any CPU.ActiveCfg = Debug|Any CPU
		{BEF378C6-A05C-4D9A-8299-03D43F83620A}.Debug|Any CPU.Build.0 = Debug|Any CPU
		{BEF378C6-A05C-4D9A-8299-03D43F83620A}.Release|Any CPU.ActiveCfg = Release|Any CPU
		{BEF378C6-A05C-4D9A-8299-03D43F83620A}.Release|Any CPU.Build.0 = Release|Any CPU
		{4CEBBDD2-52D0-420A-AF12-3781928801AB}.Debug|Any CPU.ActiveCfg = Debug|Any CPU
		{4CEBBDD2-52D0-420A-AF12-3781928801AB}.Debug|Any CPU.Build.0 = Debug|Any CPU
		{4CEBBDD2-52D0-420A-AF12-3781928801AB}.Release|Any CPU.ActiveCfg = Release|Any CPU
		{4CEBBDD2-52D0-420A-AF12-3781928801AB}.Release|Any CPU.Build.0 = Release|Any CPU
		{B67EA469-9AA9-448F-A921-0C70496E54F7}.Debug|Any CPU.ActiveCfg = Debug|Any CPU
		{B67EA469-9AA9-448F-A921-0C70496E54F7}.Debug|Any CPU.Build.0 = Debug|Any CPU
		{B67EA469-9AA9-448F-A921-0C70496E54F7}.Release|Any CPU.ActiveCfg = Release|Any CPU
		{B67EA469-9AA9-448F-A921-0C70496E54F7}.Release|Any CPU.Build.0 = Release|Any CPU
	EndGlobalSection
	GlobalSection(SolutionProperties) = preSolution
		HideSolutionNode = FALSE
	EndGlobalSection
	GlobalSection(ExtensibilityGlobals) = postSolution
		SolutionGuid = {A90D2CA0-2FDF-4E78-A9FD-188BE9BAF9C0}
	EndGlobalSection
EndGlobal
