
Microsoft Visual Studio Solution File, Format Version 12.00
# Visual Studio 15
VisualStudioVersion = 15.0.27130.0
MinimumVisualStudioVersion = 10.0.40219.1
Project("{FAE04EC0-301F-11D3-BF4B-00C04F79EFBC}") = "WpfAppDependencyProperty", "WpfAppDependencyProperty\WpfAppDependencyProperty.csproj", "{5BE750C3-6902-4636-B334-DEA398B389D6}"
EndProject
Global
	GlobalSection(SolutionConfigurationPlatforms) = preSolution
		Debug|Any CPU = Debug|Any CPU
		Release|Any CPU = Release|Any CPU
	EndGlobalSection
	GlobalSection(ProjectConfigurationPlatforms) = postSolution
		{5BE750C3-6902-4636-B334-DEA398B389D6}.Debug|Any CPU.ActiveCfg = Debug|Any CPU
		{5BE750C3-6902-4636-B334-DEA398B389D6}.Debug|Any CPU.Build.0 = Debug|Any CPU
		{5BE750C3-6902-4636-B334-DEA398B389D6}.Release|Any CPU.ActiveCfg = Release|Any CPU
		{5BE750C3-6902-4636-B334-DEA398B389D6}.Release|Any CPU.Build.0 = Release|Any CPU
	EndGlobalSection
	GlobalSection(SolutionProperties) = preSolution
		HideSolutionNode = FALSE
	EndGlobalSection
	GlobalSection(ExtensibilityGlobals) = postSolution
		SolutionGuid = {D70337B0-A291-4C10-BE75-9C88C82E196D}
	EndGlobalSection
EndGlobal
